
Microsoft Visual Studio Solution File, Format Version 12.00
# Visual Studio Version 17
VisualStudioVersion = 17.0.32014.148
MinimumVisualStudioVersion = 10.0.40219.1
Project("{9A19103F-16F7-4668-BE54-9A1E7A4F7556}") = "Practice", "Practice.csproj", "{48681BD4-97D7-4187-BEA2-3175F6EDED64}"
EndProject
Project("{FAE04EC0-301F-11D3-BF4B-00C04F79EFBC}") = "TNS", "TNS\TNS.csproj", "{71919365-B772-4326-A6B0-1E9DDECE5828}"
EndProject
Global
	GlobalSection(SolutionConfigurationPlatforms) = preSolution
		Debug|Any CPU = Debug|Any CPU
		Release|Any CPU = Release|Any CPU
	EndGlobalSection
	GlobalSection(ProjectConfigurationPlatforms) = postSolution
		{48681BD4-97D7-4187-BEA2-3175F6EDED64}.Debug|Any CPU.ActiveCfg = Debug|Any CPU
		{48681BD4-97D7-4187-BEA2-3175F6EDED64}.Debug|Any CPU.Build.0 = Debug|Any CPU
		{48681BD4-97D7-4187-BEA2-3175F6EDED64}.Release|Any CPU.ActiveCfg = Release|Any CPU
		{48681BD4-97D7-4187-BEA2-3175F6EDED64}.Release|Any CPU.Build.0 = Release|Any CPU
		{71919365-B772-4326-A6B0-1E9DDECE5828}.Debug|Any CPU.ActiveCfg = Debug|Any CPU
		{71919365-B772-4326-A6B0-1E9DDECE5828}.Debug|Any CPU.Build.0 = Debug|Any CPU
		{71919365-B772-4326-A6B0-1E9DDECE5828}.Release|Any CPU.ActiveCfg = Release|Any CPU
		{71919365-B772-4326-A6B0-1E9DDECE5828}.Release|Any CPU.Build.0 = Release|Any CPU
	EndGlobalSection
	GlobalSection(SolutionProperties) = preSolution
		HideSolutionNode = FALSE
	EndGlobalSection
	GlobalSection(ExtensibilityGlobals) = postSolution
		SolutionGuid = {82983F2A-A371-4081-B762-6B9EFB3E5145}
	EndGlobalSection
EndGlobal
